{
  "object": {
    "pins": [
      {
        "package": "JurrasicRunBoard",
        "repositoryURL": "https://github.com/MartonioJunior/JurrasicRunBoard.git",
        "state": {
          "branch": "master",
          "revision": "e87ee427332efbc9d3b819a3a3f2d7a7542ba48d",
          "version": null
        }
      }
    ]
  },
  "version": 1
}
